
Microsoft Visual Studio Solution File, Format Version 12.00
# Visual Studio Version 16
VisualStudioVersion = 16.0.29905.134
MinimumVisualStudioVersion = 10.0.40219.1
Project("{FAE04EC0-301F-11D3-BF4B-00C04F79EFBC}") = "Lab_12__wpf", "Lab_12__wpf\Lab_12__wpf.csproj", "{AF468EE9-CC54-4A47-A3DF-26A1F0CADD30}"
EndProject
Global
	GlobalSection(SolutionConfigurationPlatforms) = preSolution
		Debug|Any CPU = Debug|Any CPU
		Release|Any CPU = Release|Any CPU
	EndGlobalSection
	GlobalSection(ProjectConfigurationPlatforms) = postSolution
		{AF468EE9-CC54-4A47-A3DF-26A1F0CADD30}.Debug|Any CPU.ActiveCfg = Debug|Any CPU
		{AF468EE9-CC54-4A47-A3DF-26A1F0CADD30}.Debug|Any CPU.Build.0 = Debug|Any CPU
		{AF468EE9-CC54-4A47-A3DF-26A1F0CADD30}.Release|Any CPU.ActiveCfg = Release|Any CPU
		{AF468EE9-CC54-4A47-A3DF-26A1F0CADD30}.Release|Any CPU.Build.0 = Release|Any CPU
	EndGlobalSection
	GlobalSection(SolutionProperties) = preSolution
		HideSolutionNode = FALSE
	EndGlobalSection
	GlobalSection(ExtensibilityGlobals) = postSolution
		SolutionGuid = {5814AAA3-921D-478B-AB79-D634B38AE7E6}
	EndGlobalSection
EndGlobal
